
Microsoft Visual Studio Solution File, Format Version 12.00
# Visual Studio Version 17
VisualStudioVersion = 17.1.32421.90
MinimumVisualStudioVersion = 10.0.40219.1
Project("{9A19103F-16F7-4668-BE54-9A1E7A4F7556}") = "Banking", "..\BankingKata\Banking\Banking.csproj", "{C7816916-569D-44DC-9CAD-009D1611C1D6}"
EndProject
Project("{9A19103F-16F7-4668-BE54-9A1E7A4F7556}") = "Banking.Tests.Acceptance", "..\BankingKata\Banking.Tests.Acceptance\Banking.Tests.Acceptance.csproj", "{1223EA0D-A6BA-46A3-BAD6-350C187A7680}"
EndProject
Project("{9A19103F-16F7-4668-BE54-9A1E7A4F7556}") = "Banking.Tests.Unit", "..\BankingKata\Banking.Tests.Unit\Banking.Tests.Unit.csproj", "{0D158EB8-5124-448B-8334-7533114FF734}"
EndProject
Global
	GlobalSection(SolutionConfigurationPlatforms) = preSolution
		Debug|Any CPU = Debug|Any CPU
		Release|Any CPU = Release|Any CPU
	EndGlobalSection
	GlobalSection(ProjectConfigurationPlatforms) = postSolution
		{C7816916-569D-44DC-9CAD-009D1611C1D6}.Debug|Any CPU.ActiveCfg = Debug|Any CPU
		{C7816916-569D-44DC-9CAD-009D1611C1D6}.Debug|Any CPU.Build.0 = Debug|Any CPU
		{C7816916-569D-44DC-9CAD-009D1611C1D6}.Release|Any CPU.ActiveCfg = Release|Any CPU
		{C7816916-569D-44DC-9CAD-009D1611C1D6}.Release|Any CPU.Build.0 = Release|Any CPU
		{1223EA0D-A6BA-46A3-BAD6-350C187A7680}.Debug|Any CPU.ActiveCfg = Debug|Any CPU
		{1223EA0D-A6BA-46A3-BAD6-350C187A7680}.Debug|Any CPU.Build.0 = Debug|Any CPU
		{1223EA0D-A6BA-46A3-BAD6-350C187A7680}.Release|Any CPU.ActiveCfg = Release|Any CPU
		{1223EA0D-A6BA-46A3-BAD6-350C187A7680}.Release|Any CPU.Build.0 = Release|Any CPU
		{0D158EB8-5124-448B-8334-7533114FF734}.Debug|Any CPU.ActiveCfg = Debug|Any CPU
		{0D158EB8-5124-448B-8334-7533114FF734}.Debug|Any CPU.Build.0 = Debug|Any CPU
		{0D158EB8-5124-448B-8334-7533114FF734}.Release|Any CPU.ActiveCfg = Release|Any CPU
		{0D158EB8-5124-448B-8334-7533114FF734}.Release|Any CPU.Build.0 = Release|Any CPU
	EndGlobalSection
	GlobalSection(SolutionProperties) = preSolution
		HideSolutionNode = FALSE
	EndGlobalSection
	GlobalSection(ExtensibilityGlobals) = postSolution
		SolutionGuid = {C8345DC2-F8FB-40A8-B6D1-B0692DA2DBB5}
	EndGlobalSection
EndGlobal
